// !$*UTF8*$!
{
	archiveVersion = 1;
	classes = {
	};
	objectVersion = 46;
	objects = {

/* Begin PBXBuildFile section */
		775389BD1F20C4B600BE29D0 /* SubviewHitTestView.swift in Sources */ = {isa = PBXBuildFile; fileRef = 775389BC1F20C4B600BE29D0 /* SubviewHitTestView.swift */; };
		775389BF1F22704400BE29D0 /* ExplainerViewController.swift in Sources */ = {isa = PBXBuildFile; fileRef = 775389BE1F22704400BE29D0 /* ExplainerViewController.swift */; };
		7797D0881F126FA1008482E4 /* VeinModel.swift in Sources */ = {isa = PBXBuildFile; fileRef = 7797D0871F126FA1008482E4 /* VeinModel.swift */; };
		7797D08A1F127409008482E4 /* VeinView.swift in Sources */ = {isa = PBXBuildFile; fileRef = 7797D0891F127409008482E4 /* VeinView.swift */; };
		7797D08C1F12753E008482E4 /* VeinViewController.swift in Sources */ = {isa = PBXBuildFile; fileRef = 7797D08B1F12753E008482E4 /* VeinViewController.swift */; };
		7797D08E1F127631008482E4 /* VeinViewModel.swift in Sources */ = {isa = PBXBuildFile; fileRef = 7797D08D1F127631008482E4 /* VeinViewModel.swift */; };
		7797D0901F131DCB008482E4 /* ArteryAnimator.swift in Sources */ = {isa = PBXBuildFile; fileRef = 7797D08F1F131DCB008482E4 /* ArteryAnimator.swift */; };
		7797D0921F1F760E008482E4 /* VeinAnimator.swift in Sources */ = {isa = PBXBuildFile; fileRef = 7797D0911F1F760E008482E4 /* VeinAnimator.swift */; };
		77C599401EFF041400E58B0A /* DiagramViewController.swift in Sources */ = {isa = PBXBuildFile; fileRef = 77C5993F1EFF041400E58B0A /* DiagramViewController.swift */; };
		77C599431F00813B00E58B0A /* UIColor+Inits.swift in Sources */ = {isa = PBXBuildFile; fileRef = 77C599421F00813B00E58B0A /* UIColor+Inits.swift */; };
		77C599451F0082AA00E58B0A /* UIColor+App.swift in Sources */ = {isa = PBXBuildFile; fileRef = 77C599441F0082AA00E58B0A /* UIColor+App.swift */; };
		77C599471F00860D00E58B0A /* System.swift in Sources */ = {isa = PBXBuildFile; fileRef = 77C599461F00860D00E58B0A /* System.swift */; };
		77C599491F0139BD00E58B0A /* SystemRow.swift in Sources */ = {isa = PBXBuildFile; fileRef = 77C599481F0139BD00E58B0A /* SystemRow.swift */; };
		77C5994B1F013CB900E58B0A /* SystemViewModel.swift in Sources */ = {isa = PBXBuildFile; fileRef = 77C5994A1F013CB900E58B0A /* SystemViewModel.swift */; };
		77C5994D1F013D3300E58B0A /* SystemViewController.swift in Sources */ = {isa = PBXBuildFile; fileRef = 77C5994C1F013D3300E58B0A /* SystemViewController.swift */; };
		77C5994F1F013D5700E58B0A /* SystemView.swift in Sources */ = {isa = PBXBuildFile; fileRef = 77C5994E1F013D5700E58B0A /* SystemView.swift */; };
		77C599511F03D71500E58B0A /* HeartAnimator.swift in Sources */ = {isa = PBXBuildFile; fileRef = 77C599501F03D71500E58B0A /* HeartAnimator.swift */; };
		77C599531F04974000E58B0A /* TouchableView.swift in Sources */ = {isa = PBXBuildFile; fileRef = 77C599521F04974000E58B0A /* TouchableView.swift */; };
		77C599551F067BA400E58B0A /* Artery.swift in Sources */ = {isa = PBXBuildFile; fileRef = 77C599541F067BA400E58B0A /* Artery.swift */; };
		77C599571F067D3F00E58B0A /* Vein.swift in Sources */ = {isa = PBXBuildFile; fileRef = 77C599561F067D3F00E58B0A /* Vein.swift */; };
		77C599591F06B05500E58B0A /* ArteryViewController.swift in Sources */ = {isa = PBXBuildFile; fileRef = 77C599581F06B05500E58B0A /* ArteryViewController.swift */; };
		77C5995B1F06B06600E58B0A /* ArteryView.swift in Sources */ = {isa = PBXBuildFile; fileRef = 77C5995A1F06B06600E58B0A /* ArteryView.swift */; };
		77C5995D1F06B13600E58B0A /* ArteryModel.swift in Sources */ = {isa = PBXBuildFile; fileRef = 77C5995C1F06B13600E58B0A /* ArteryModel.swift */; };
		77C5995F1F06B38F00E58B0A /* ConnectionLocale.swift in Sources */ = {isa = PBXBuildFile; fileRef = 77C5995E1F06B38F00E58B0A /* ConnectionLocale.swift */; };
		77C599611F06B43800E58B0A /* SystemConnection.swift in Sources */ = {isa = PBXBuildFile; fileRef = 77C599601F06B43800E58B0A /* SystemConnection.swift */; };
		77C599651F100DF200E58B0A /* ArteryViewModel.swift in Sources */ = {isa = PBXBuildFile; fileRef = 77C599641F100DF200E58B0A /* ArteryViewModel.swift */; };
		77C599671F1061B500E58B0A /* Podfile in Resources */ = {isa = PBXBuildFile; fileRef = 77C599661F1061B500E58B0A /* Podfile */; };
		77E0630D1F23990000E40F53 /* UIView+ContainsPoint.swift in Sources */ = {isa = PBXBuildFile; fileRef = 77E0630C1F23990000E40F53 /* UIView+ContainsPoint.swift */; };
		935F8A041EF4492000623EA7 /* TapButton.swift in Sources */ = {isa = PBXBuildFile; fileRef = 935F89FD1EF4492000623EA7 /* TapButton.swift */; };
		935F8A051EF4492000623EA7 /* UIButton+Setup.swift in Sources */ = {isa = PBXBuildFile; fileRef = 935F89FE1EF4492000623EA7 /* UIButton+Setup.swift */; };
		935F8A061EF4492000623EA7 /* UIFont+App.swift in Sources */ = {isa = PBXBuildFile; fileRef = 935F89FF1EF4492000623EA7 /* UIFont+App.swift */; };
		935F8A071EF4492000623EA7 /* UIView+Layer.swift in Sources */ = {isa = PBXBuildFile; fileRef = 935F8A001EF4492000623EA7 /* UIView+Layer.swift */; };
		935F8A081EF4492000623EA7 /* UIView+Layout.swift in Sources */ = {isa = PBXBuildFile; fileRef = 935F8A011EF4492000623EA7 /* UIView+Layout.swift */; };
		935F8A091EF4492000623EA7 /* UIViewController+Parenting.swift in Sources */ = {isa = PBXBuildFile; fileRef = 935F8A021EF4492000623EA7 /* UIViewController+Parenting.swift */; };
		935F8A0A1EF4492000623EA7 /* UIViewStyle.swift in Sources */ = {isa = PBXBuildFile; fileRef = 935F8A031EF4492000623EA7 /* UIViewStyle.swift */; };
		935F8A0C1EF4499C00623EA7 /* UIFontDescriptor+Accessible.swift in Sources */ = {isa = PBXBuildFile; fileRef = 935F8A0B1EF4499C00623EA7 /* UIFontDescriptor+Accessible.swift */; };
		93E6C4881EF4471B00CDC040 /* AppDelegate.swift in Sources */ = {isa = PBXBuildFile; fileRef = 93E6C4871EF4471B00CDC040 /* AppDelegate.swift */; };
		93E6C48A1EF4471B00CDC040 /* ViewController.swift in Sources */ = {isa = PBXBuildFile; fileRef = 93E6C4891EF4471B00CDC040 /* ViewController.swift */; };
		93E6C48D1EF4471B00CDC040 /* Main.storyboard in Resources */ = {isa = PBXBuildFile; fileRef = 93E6C48B1EF4471B00CDC040 /* Main.storyboard */; };
		93E6C48F1EF4471B00CDC040 /* Assets.xcassets in Resources */ = {isa = PBXBuildFile; fileRef = 93E6C48E1EF4471B00CDC040 /* Assets.xcassets */; };
		93E6C4921EF4471B00CDC040 /* LaunchScreen.storyboard in Resources */ = {isa = PBXBuildFile; fileRef = 93E6C4901EF4471B00CDC040 /* LaunchScreen.storyboard */; };
		EB208371FBA1356D838208E5 /* Pods_CirculateSwift.framework in Frameworks */ = {isa = PBXBuildFile; fileRef = 97112D2E6E2C38830FFEA946 /* Pods_CirculateSwift.framework */; };
/* End PBXBuildFile section */

/* Begin PBXFileReference section */
		0D086821AE9B61261D65B6CE /* Pods-CirculateSwift.debug.xcconfig */ = {isa = PBXFileReference; includeInIndex = 1; lastKnownFileType = text.xcconfig; name = "Pods-CirculateSwift.debug.xcconfig"; path = "Pods/Target Support Files/Pods-CirculateSwift/Pods-CirculateSwift.debug.xcconfig"; sourceTree = "<group>"; };
		775389BC1F20C4B600BE29D0 /* SubviewHitTestView.swift */ = {isa = PBXFileReference; fileEncoding = 4; lastKnownFileType = sourcecode.swift; path = SubviewHitTestView.swift; sourceTree = "<group>"; };
		775389BE1F22704400BE29D0 /* ExplainerViewController.swift */ = {isa = PBXFileReference; fileEncoding = 4; lastKnownFileType = sourcecode.swift; path = ExplainerViewController.swift; sourceTree = "<group>"; };
		7797D0871F126FA1008482E4 /* VeinModel.swift */ = {isa = PBXFileReference; fileEncoding = 4; lastKnownFileType = sourcecode.swift; path = VeinModel.swift; sourceTree = "<group>"; };
		7797D0891F127409008482E4 /* VeinView.swift */ = {isa = PBXFileReference; fileEncoding = 4; lastKnownFileType = sourcecode.swift; path = VeinView.swift; sourceTree = "<group>"; };
		7797D08B1F12753E008482E4 /* VeinViewController.swift */ = {isa = PBXFileReference; fileEncoding = 4; lastKnownFileType = sourcecode.swift; path = VeinViewController.swift; sourceTree = "<group>"; };
		7797D08D1F127631008482E4 /* VeinViewModel.swift */ = {isa = PBXFileReference; fileEncoding = 4; lastKnownFileType = sourcecode.swift; path = VeinViewModel.swift; sourceTree = "<group>"; };
		7797D08F1F131DCB008482E4 /* ArteryAnimator.swift */ = {isa = PBXFileReference; fileEncoding = 4; lastKnownFileType = sourcecode.swift; path = ArteryAnimator.swift; sourceTree = "<group>"; };
		7797D0911F1F760E008482E4 /* VeinAnimator.swift */ = {isa = PBXFileReference; fileEncoding = 4; lastKnownFileType = sourcecode.swift; path = VeinAnimator.swift; sourceTree = "<group>"; };
		77C5993F1EFF041400E58B0A /* DiagramViewController.swift */ = {isa = PBXFileReference; fileEncoding = 4; lastKnownFileType = sourcecode.swift; path = DiagramViewController.swift; sourceTree = "<group>"; };
		77C599421F00813B00E58B0A /* UIColor+Inits.swift */ = {isa = PBXFileReference; fileEncoding = 4; lastKnownFileType = sourcecode.swift; path = "UIColor+Inits.swift"; sourceTree = "<group>"; };
		77C599441F0082AA00E58B0A /* UIColor+App.swift */ = {isa = PBXFileReference; fileEncoding = 4; lastKnownFileType = sourcecode.swift; path = "UIColor+App.swift"; sourceTree = "<group>"; };
		77C599461F00860D00E58B0A /* System.swift */ = {isa = PBXFileReference; fileEncoding = 4; lastKnownFileType = sourcecode.swift; path = System.swift; sourceTree = "<group>"; };
		77C599481F0139BD00E58B0A /* SystemRow.swift */ = {isa = PBXFileReference; fileEncoding = 4; lastKnownFileType = sourcecode.swift; path = SystemRow.swift; sourceTree = "<group>"; };
		77C5994A1F013CB900E58B0A /* SystemViewModel.swift */ = {isa = PBXFileReference; fileEncoding = 4; lastKnownFileType = sourcecode.swift; path = SystemViewModel.swift; sourceTree = "<group>"; };
		77C5994C1F013D3300E58B0A /* SystemViewController.swift */ = {isa = PBXFileReference; fileEncoding = 4; lastKnownFileType = sourcecode.swift; path = SystemViewController.swift; sourceTree = "<group>"; };
		77C5994E1F013D5700E58B0A /* SystemView.swift */ = {isa = PBXFileReference; fileEncoding = 4; lastKnownFileType = sourcecode.swift; path = SystemView.swift; sourceTree = "<group>"; };
		77C599501F03D71500E58B0A /* HeartAnimator.swift */ = {isa = PBXFileReference; fileEncoding = 4; lastKnownFileType = sourcecode.swift; path = HeartAnimator.swift; sourceTree = "<group>"; };
		77C599521F04974000E58B0A /* TouchableView.swift */ = {isa = PBXFileReference; fileEncoding = 4; lastKnownFileType = sourcecode.swift; path = TouchableView.swift; sourceTree = "<group>"; };
		77C599541F067BA400E58B0A /* Artery.swift */ = {isa = PBXFileReference; fileEncoding = 4; lastKnownFileType = sourcecode.swift; path = Artery.swift; sourceTree = "<group>"; };
		77C599561F067D3F00E58B0A /* Vein.swift */ = {isa = PBXFileReference; fileEncoding = 4; lastKnownFileType = sourcecode.swift; path = Vein.swift; sourceTree = "<group>"; };
		77C599581F06B05500E58B0A /* ArteryViewController.swift */ = {isa = PBXFileReference; fileEncoding = 4; lastKnownFileType = sourcecode.swift; path = ArteryViewController.swift; sourceTree = "<group>"; };
		77C5995A1F06B06600E58B0A /* ArteryView.swift */ = {isa = PBXFileReference; fileEncoding = 4; lastKnownFileType = sourcecode.swift; path = ArteryView.swift; sourceTree = "<group>"; };
		77C5995C1F06B13600E58B0A /* ArteryModel.swift */ = {isa = PBXFileReference; fileEncoding = 4; lastKnownFileType = sourcecode.swift; path = ArteryModel.swift; sourceTree = "<group>"; };
		77C5995E1F06B38F00E58B0A /* ConnectionLocale.swift */ = {isa = PBXFileReference; fileEncoding = 4; lastKnownFileType = sourcecode.swift; path = ConnectionLocale.swift; sourceTree = "<group>"; };
		77C599601F06B43800E58B0A /* SystemConnection.swift */ = {isa = PBXFileReference; fileEncoding = 4; lastKnownFileType = sourcecode.swift; path = SystemConnection.swift; sourceTree = "<group>"; };
		77C599641F100DF200E58B0A /* ArteryViewModel.swift */ = {isa = PBXFileReference; fileEncoding = 4; lastKnownFileType = sourcecode.swift; path = ArteryViewModel.swift; sourceTree = "<group>"; };
		77C599661F1061B500E58B0A /* Podfile */ = {isa = PBXFileReference; fileEncoding = 4; lastKnownFileType = text; path = Podfile; sourceTree = SOURCE_ROOT; xcLanguageSpecificationIdentifier = xcode.lang.ruby; };
		77E0630C1F23990000E40F53 /* UIView+ContainsPoint.swift */ = {isa = PBXFileReference; fileEncoding = 4; lastKnownFileType = sourcecode.swift; path = "UIView+ContainsPoint.swift"; sourceTree = "<group>"; };
		935F89FD1EF4492000623EA7 /* TapButton.swift */ = {isa = PBXFileReference; fileEncoding = 4; lastKnownFileType = sourcecode.swift; path = TapButton.swift; sourceTree = "<group>"; };
		935F89FE1EF4492000623EA7 /* UIButton+Setup.swift */ = {isa = PBXFileReference; fileEncoding = 4; lastKnownFileType = sourcecode.swift; path = "UIButton+Setup.swift"; sourceTree = "<group>"; };
		935F89FF1EF4492000623EA7 /* UIFont+App.swift */ = {isa = PBXFileReference; fileEncoding = 4; lastKnownFileType = sourcecode.swift; path = "UIFont+App.swift"; sourceTree = "<group>"; };
		935F8A001EF4492000623EA7 /* UIView+Layer.swift */ = {isa = PBXFileReference; fileEncoding = 4; lastKnownFileType = sourcecode.swift; path = "UIView+Layer.swift"; sourceTree = "<group>"; };
		935F8A011EF4492000623EA7 /* UIView+Layout.swift */ = {isa = PBXFileReference; fileEncoding = 4; lastKnownFileType = sourcecode.swift; path = "UIView+Layout.swift"; sourceTree = "<group>"; };
		935F8A021EF4492000623EA7 /* UIViewController+Parenting.swift */ = {isa = PBXFileReference; fileEncoding = 4; lastKnownFileType = sourcecode.swift; path = "UIViewController+Parenting.swift"; sourceTree = "<group>"; };
		935F8A031EF4492000623EA7 /* UIViewStyle.swift */ = {isa = PBXFileReference; fileEncoding = 4; lastKnownFileType = sourcecode.swift; path = UIViewStyle.swift; sourceTree = "<group>"; };
		935F8A0B1EF4499C00623EA7 /* UIFontDescriptor+Accessible.swift */ = {isa = PBXFileReference; fileEncoding = 4; lastKnownFileType = sourcecode.swift; path = "UIFontDescriptor+Accessible.swift"; sourceTree = "<group>"; };
		93E6C4841EF4471B00CDC040 /* CirculateSwift.app */ = {isa = PBXFileReference; explicitFileType = wrapper.application; includeInIndex = 0; path = CirculateSwift.app; sourceTree = BUILT_PRODUCTS_DIR; };
		93E6C4871EF4471B00CDC040 /* AppDelegate.swift */ = {isa = PBXFileReference; lastKnownFileType = sourcecode.swift; path = AppDelegate.swift; sourceTree = "<group>"; };
		93E6C4891EF4471B00CDC040 /* ViewController.swift */ = {isa = PBXFileReference; lastKnownFileType = sourcecode.swift; path = ViewController.swift; sourceTree = "<group>"; };
		93E6C48C1EF4471B00CDC040 /* Base */ = {isa = PBXFileReference; lastKnownFileType = file.storyboard; name = Base; path = Base.lproj/Main.storyboard; sourceTree = "<group>"; };
		93E6C48E1EF4471B00CDC040 /* Assets.xcassets */ = {isa = PBXFileReference; lastKnownFileType = folder.assetcatalog; path = Assets.xcassets; sourceTree = "<group>"; };
		93E6C4911EF4471B00CDC040 /* Base */ = {isa = PBXFileReference; lastKnownFileType = file.storyboard; name = Base; path = Base.lproj/LaunchScreen.storyboard; sourceTree = "<group>"; };
		93E6C4931EF4471B00CDC040 /* Info.plist */ = {isa = PBXFileReference; lastKnownFileType = text.plist.xml; path = Info.plist; sourceTree = "<group>"; };
		97112D2E6E2C38830FFEA946 /* Pods_CirculateSwift.framework */ = {isa = PBXFileReference; explicitFileType = wrapper.framework; includeInIndex = 0; path = Pods_CirculateSwift.framework; sourceTree = BUILT_PRODUCTS_DIR; };
		9A7A12E1455689F401E66EED /* Pods-CirculateSwift.release.xcconfig */ = {isa = PBXFileReference; includeInIndex = 1; lastKnownFileType = text.xcconfig; name = "Pods-CirculateSwift.release.xcconfig"; path = "Pods/Target Support Files/Pods-CirculateSwift/Pods-CirculateSwift.release.xcconfig"; sourceTree = "<group>"; };
/* End PBXFileReference section */

/* Begin PBXFrameworksBuildPhase section */
		93E6C4811EF4471B00CDC040 /* Frameworks */ = {
			isa = PBXFrameworksBuildPhase;
			buildActionMask = 2147483647;
			files = (
				EB208371FBA1356D838208E5 /* Pods_CirculateSwift.framework in Frameworks */,
			);
			runOnlyForDeploymentPostprocessing = 0;
		};
/* End PBXFrameworksBuildPhase section */

/* Begin PBXGroup section */
		77C599411EFF061A00E58B0A /* Code */ = {
			isa = PBXGroup;
			children = (
				77C599541F067BA400E58B0A /* Artery.swift */,
				7797D08F1F131DCB008482E4 /* ArteryAnimator.swift */,
				77C5995C1F06B13600E58B0A /* ArteryModel.swift */,
				77C5995A1F06B06600E58B0A /* ArteryView.swift */,
				77C599581F06B05500E58B0A /* ArteryViewController.swift */,
				77C599641F100DF200E58B0A /* ArteryViewModel.swift */,
				77C5995E1F06B38F00E58B0A /* ConnectionLocale.swift */,
				77C5993F1EFF041400E58B0A /* DiagramViewController.swift */,
				775389BE1F22704400BE29D0 /* ExplainerViewController.swift */,
				77C599501F03D71500E58B0A /* HeartAnimator.swift */,
				775389BC1F20C4B600BE29D0 /* SubviewHitTestView.swift */,
				77C599461F00860D00E58B0A /* System.swift */,
				77C599601F06B43800E58B0A /* SystemConnection.swift */,
				77C599481F0139BD00E58B0A /* SystemRow.swift */,
				77C5994E1F013D5700E58B0A /* SystemView.swift */,
				77C5994C1F013D3300E58B0A /* SystemViewController.swift */,
				77C5994A1F013CB900E58B0A /* SystemViewModel.swift */,
				77C599521F04974000E58B0A /* TouchableView.swift */,
				77C599441F0082AA00E58B0A /* UIColor+App.swift */,
				77E0630C1F23990000E40F53 /* UIView+ContainsPoint.swift */,
				77C599561F067D3F00E58B0A /* Vein.swift */,
				7797D0911F1F760E008482E4 /* VeinAnimator.swift */,
				7797D0871F126FA1008482E4 /* VeinModel.swift */,
				7797D0891F127409008482E4 /* VeinView.swift */,
				7797D08B1F12753E008482E4 /* VeinViewController.swift */,
				7797D08D1F127631008482E4 /* VeinViewModel.swift */,
			);
			name = Code;
			sourceTree = "<group>";
		};
		92F5E7DBD1EF26AD0DA14B7F /* Frameworks */ = {
			isa = PBXGroup;
			children = (
				97112D2E6E2C38830FFEA946 /* Pods_CirculateSwift.framework */,
			);
			name = Frameworks;
			sourceTree = "<group>";
		};
		935F89FC1EF4490700623EA7 /* Code Library */ = {
			isa = PBXGroup;
			children = (
				935F89FD1EF4492000623EA7 /* TapButton.swift */,
				935F89FE1EF4492000623EA7 /* UIButton+Setup.swift */,
				77C599421F00813B00E58B0A /* UIColor+Inits.swift */,
				935F89FF1EF4492000623EA7 /* UIFont+App.swift */,
				935F8A0B1EF4499C00623EA7 /* UIFontDescriptor+Accessible.swift */,
				935F8A001EF4492000623EA7 /* UIView+Layer.swift */,
				935F8A011EF4492000623EA7 /* UIView+Layout.swift */,
				935F8A021EF4492000623EA7 /* UIViewController+Parenting.swift */,
				935F8A031EF4492000623EA7 /* UIViewStyle.swift */,
			);
			name = "Code Library";
			sourceTree = "<group>";
		};
		93E6C47B1EF4471B00CDC040 = {
			isa = PBXGroup;
			children = (
				93E6C4861EF4471B00CDC040 /* CirculateSwift */,
				93E6C4851EF4471B00CDC040 /* Products */,
				FD16BAF70437F33B7237A503 /* Pods */,
				92F5E7DBD1EF26AD0DA14B7F /* Frameworks */,
			);
			sourceTree = "<group>";
		};
		93E6C4851EF4471B00CDC040 /* Products */ = {
			isa = PBXGroup;
			children = (
				93E6C4841EF4471B00CDC040 /* CirculateSwift.app */,
			);
			name = Products;
			sourceTree = "<group>";
		};
		93E6C4861EF4471B00CDC040 /* CirculateSwift */ = {
			isa = PBXGroup;
			children = (
				93E6C4871EF4471B00CDC040 /* AppDelegate.swift */,
				93E6C48E1EF4471B00CDC040 /* Assets.xcassets */,
				77C599411EFF061A00E58B0A /* Code */,
				935F89FC1EF4490700623EA7 /* Code Library */,
				93E6C4931EF4471B00CDC040 /* Info.plist */,
				93E6C4901EF4471B00CDC040 /* LaunchScreen.storyboard */,
				93E6C48B1EF4471B00CDC040 /* Main.storyboard */,
				77C599661F1061B500E58B0A /* Podfile */,
				93E6C4891EF4471B00CDC040 /* ViewController.swift */,
			);
			path = CirculateSwift;
			sourceTree = "<group>";
		};
		FD16BAF70437F33B7237A503 /* Pods */ = {
			isa = PBXGroup;
			children = (
				0D086821AE9B61261D65B6CE /* Pods-CirculateSwift.debug.xcconfig */,
				9A7A12E1455689F401E66EED /* Pods-CirculateSwift.release.xcconfig */,
			);
			name = Pods;
			sourceTree = "<group>";
		};
/* End PBXGroup section */

/* Begin PBXNativeTarget section */
		93E6C4831EF4471B00CDC040 /* CirculateSwift */ = {
			isa = PBXNativeTarget;
			buildConfigurationList = 93E6C4961EF4471B00CDC040 /* Build configuration list for PBXNativeTarget "CirculateSwift" */;
			buildPhases = (
				17592B164C4EB28B53B33EC2 /* [CP] Check Pods Manifest.lock */,
				93E6C4801EF4471B00CDC040 /* Sources */,
				93E6C4811EF4471B00CDC040 /* Frameworks */,
				93E6C4821EF4471B00CDC040 /* Resources */,
				D91ED9676065A6AB745B6546 /* [CP] Embed Pods Frameworks */,
				36E35BA3AAFC6DA7DAE79319 /* [CP] Copy Pods Resources */,
			);
			buildRules = (
			);
			dependencies = (
			);
			name = CirculateSwift;
			productName = CirculateSwift;
			productReference = 93E6C4841EF4471B00CDC040 /* CirculateSwift.app */;
			productType = "com.apple.product-type.application";
		};
/* End PBXNativeTarget section */

/* Begin PBXProject section */
		93E6C47C1EF4471B00CDC040 /* Project object */ = {
			isa = PBXProject;
			attributes = {
				LastSwiftUpdateCheck = 0830;
				LastUpgradeCheck = 0830;
				ORGANIZATIONNAME = "Chadford Software";
				TargetAttributes = {
					93E6C4831EF4471B00CDC040 = {
						CreatedOnToolsVersion = 8.3.3;
						DevelopmentTeam = NF2C9YRD83;
						ProvisioningStyle = Automatic;
					};
				};
			};
			buildConfigurationList = 93E6C47F1EF4471B00CDC040 /* Build configuration list for PBXProject "CirculateSwift" */;
			compatibilityVersion = "Xcode 3.2";
			developmentRegion = English;
			hasScannedForEncodings = 0;
			knownRegions = (
				English,
				en,
				Base,
			);
			mainGroup = 93E6C47B1EF4471B00CDC040;
			productRefGroup = 93E6C4851EF4471B00CDC040 /* Products */;
			projectDirPath = "";
			projectRoot = "";
			targets = (
				93E6C4831EF4471B00CDC040 /* CirculateSwift */,
			);
		};
/* End PBXProject section */

/* Begin PBXResourcesBuildPhase section */
		93E6C4821EF4471B00CDC040 /* Resources */ = {
			isa = PBXResourcesBuildPhase;
			buildActionMask = 2147483647;
			files = (
				93E6C4921EF4471B00CDC040 /* LaunchScreen.storyboard in Resources */,
				93E6C48F1EF4471B00CDC040 /* Assets.xcassets in Resources */,
				77C599671F1061B500E58B0A /* Podfile in Resources */,
				93E6C48D1EF4471B00CDC040 /* Main.storyboard in Resources */,
			);
			runOnlyForDeploymentPostprocessing = 0;
		};
/* End PBXResourcesBuildPhase section */

/* Begin PBXShellScriptBuildPhase section */
		17592B164C4EB28B53B33EC2 /* [CP] Check Pods Manifest.lock */ = {
			isa = PBXShellScriptBuildPhase;
			buildActionMask = 2147483647;
			files = (
			);
			inputPaths = (
			);
			name = "[CP] Check Pods Manifest.lock";
			outputPaths = (
			);
			runOnlyForDeploymentPostprocessing = 0;
			shellPath = /bin/sh;
			shellScript = "diff \"${PODS_ROOT}/../Podfile.lock\" \"${PODS_ROOT}/Manifest.lock\" > /dev/null\nif [[ $? != 0 ]] ; then\n    cat << EOM\nerror: The sandbox is not in sync with the Podfile.lock. Run 'pod install' or update your CocoaPods installation.\nEOM\n    exit 1\nfi\n";
			showEnvVarsInLog = 0;
		};
		36E35BA3AAFC6DA7DAE79319 /* [CP] Copy Pods Resources */ = {
			isa = PBXShellScriptBuildPhase;
			buildActionMask = 2147483647;
			files = (
			);
			inputPaths = (
			);
			name = "[CP] Copy Pods Resources";
			outputPaths = (
			);
			runOnlyForDeploymentPostprocessing = 0;
			shellPath = /bin/sh;
			shellScript = "\"${SRCROOT}/Pods/Target Support Files/Pods-CirculateSwift/Pods-CirculateSwift-resources.sh\"\n";
			showEnvVarsInLog = 0;
		};
		D91ED9676065A6AB745B6546 /* [CP] Embed Pods Frameworks */ = {
			isa = PBXShellScriptBuildPhase;
			buildActionMask = 2147483647;
			files = (
			);
			inputPaths = (
			);
			name = "[CP] Embed Pods Frameworks";
			outputPaths = (
			);
			runOnlyForDeploymentPostprocessing = 0;
			shellPath = /bin/sh;
			shellScript = "\"${SRCROOT}/Pods/Target Support Files/Pods-CirculateSwift/Pods-CirculateSwift-frameworks.sh\"\n";
			showEnvVarsInLog = 0;
		};
/* End PBXShellScriptBuildPhase section */

/* Begin PBXSourcesBuildPhase section */
		93E6C4801EF4471B00CDC040 /* Sources */ = {
			isa = PBXSourcesBuildPhase;
			buildActionMask = 2147483647;
			files = (
				77C599531F04974000E58B0A /* TouchableView.swift in Sources */,
				935F8A0A1EF4492000623EA7 /* UIViewStyle.swift in Sources */,
				77C5994B1F013CB900E58B0A /* SystemViewModel.swift in Sources */,
				77C599431F00813B00E58B0A /* UIColor+Inits.swift in Sources */,
				7797D08A1F127409008482E4 /* VeinView.swift in Sources */,
				77C5994F1F013D5700E58B0A /* SystemView.swift in Sources */,
				77C599451F0082AA00E58B0A /* UIColor+App.swift in Sources */,
				775389BF1F22704400BE29D0 /* ExplainerViewController.swift in Sources */,
				93E6C48A1EF4471B00CDC040 /* ViewController.swift in Sources */,
				775389BD1F20C4B600BE29D0 /* SubviewHitTestView.swift in Sources */,
				77C5994D1F013D3300E58B0A /* SystemViewController.swift in Sources */,
				77C599491F0139BD00E58B0A /* SystemRow.swift in Sources */,
				7797D0921F1F760E008482E4 /* VeinAnimator.swift in Sources */,
				935F8A061EF4492000623EA7 /* UIFont+App.swift in Sources */,
				77C599551F067BA400E58B0A /* Artery.swift in Sources */,
				7797D08E1F127631008482E4 /* VeinViewModel.swift in Sources */,
				935F8A0C1EF4499C00623EA7 /* UIFontDescriptor+Accessible.swift in Sources */,
				935F8A051EF4492000623EA7 /* UIButton+Setup.swift in Sources */,
				77C599571F067D3F00E58B0A /* Vein.swift in Sources */,
				77C599651F100DF200E58B0A /* ArteryViewModel.swift in Sources */,
				7797D0881F126FA1008482E4 /* VeinModel.swift in Sources */,
				935F8A041EF4492000623EA7 /* TapButton.swift in Sources */,
				77C599591F06B05500E58B0A /* ArteryViewController.swift in Sources */,
				77C5995D1F06B13600E58B0A /* ArteryModel.swift in Sources */,
				77C599471F00860D00E58B0A /* System.swift in Sources */,
				77C599511F03D71500E58B0A /* HeartAnimator.swift in Sources */,
				77E0630D1F23990000E40F53 /* UIView+ContainsPoint.swift in Sources */,
				77C599611F06B43800E58B0A /* SystemConnection.swift in Sources */,
				935F8A071EF4492000623EA7 /* UIView+Layer.swift in Sources */,
				935F8A081EF4492000623EA7 /* UIView+Layout.swift in Sources */,
				77C5995F1F06B38F00E58B0A /* ConnectionLocale.swift in Sources */,
				7797D08C1F12753E008482E4 /* VeinViewController.swift in Sources */,
				935F8A091EF4492000623EA7 /* UIViewController+Parenting.swift in Sources */,
				77C5995B1F06B06600E58B0A /* ArteryView.swift in Sources */,
				93E6C4881EF4471B00CDC040 /* AppDelegate.swift in Sources */,
				77C599401EFF041400E58B0A /* DiagramViewController.swift in Sources */,
				7797D0901F131DCB008482E4 /* ArteryAnimator.swift in Sources */,
			);
			runOnlyForDeploymentPostprocessing = 0;
		};
/* End PBXSourcesBuildPhase section */

/* Begin PBXVariantGroup section */
		93E6C48B1EF4471B00CDC040 /* Main.storyboard */ = {
			isa = PBXVariantGroup;
			children = (
				93E6C48C1EF4471B00CDC040 /* Base */,
			);
			name = Main.storyboard;
			sourceTree = "<group>";
		};
		93E6C4901EF4471B00CDC040 /* LaunchScreen.storyboard */ = {
			isa = PBXVariantGroup;
			children = (
				93E6C4911EF4471B00CDC040 /* Base */,
			);
			name = LaunchScreen.storyboard;
			sourceTree = "<group>";
		};
/* End PBXVariantGroup section */

/* Begin XCBuildConfiguration section */
		93E6C4941EF4471B00CDC040 /* Debug */ = {
			isa = XCBuildConfiguration;
			buildSettings = {
				ALWAYS_SEARCH_USER_PATHS = NO;
				CLANG_ANALYZER_NONNULL = YES;
				CLANG_ANALYZER_NUMBER_OBJECT_CONVERSION = YES_AGGRESSIVE;
				CLANG_CXX_LANGUAGE_STANDARD = "gnu++0x";
				CLANG_CXX_LIBRARY = "libc++";
				CLANG_ENABLE_MODULES = YES;
				CLANG_ENABLE_OBJC_ARC = YES;
				CLANG_WARN_BOOL_CONVERSION = YES;
				CLANG_WARN_CONSTANT_CONVERSION = YES;
				CLANG_WARN_DIRECT_OBJC_ISA_USAGE = YES_ERROR;
				CLANG_WARN_DOCUMENTATION_COMMENTS = YES;
				CLANG_WARN_EMPTY_BODY = YES;
				CLANG_WARN_ENUM_CONVERSION = YES;
				CLANG_WARN_INFINITE_RECURSION = YES;
				CLANG_WARN_INT_CONVERSION = YES;
				CLANG_WARN_OBJC_ROOT_CLASS = YES_ERROR;
				CLANG_WARN_SUSPICIOUS_MOVE = YES;
				CLANG_WARN_UNREACHABLE_CODE = YES;
				CLANG_WARN__DUPLICATE_METHOD_MATCH = YES;
				"CODE_SIGN_IDENTITY[sdk=iphoneos*]" = "iPhone Developer";
				COPY_PHASE_STRIP = NO;
				DEBUG_INFORMATION_FORMAT = dwarf;
				ENABLE_STRICT_OBJC_MSGSEND = YES;
				ENABLE_TESTABILITY = YES;
				GCC_C_LANGUAGE_STANDARD = gnu99;
				GCC_DYNAMIC_NO_PIC = NO;
				GCC_NO_COMMON_BLOCKS = YES;
				GCC_OPTIMIZATION_LEVEL = 0;
				GCC_PREPROCESSOR_DEFINITIONS = (
					"DEBUG=1",
					"$(inherited)",
				);
				GCC_WARN_64_TO_32_BIT_CONVERSION = YES;
				GCC_WARN_ABOUT_RETURN_TYPE = YES_ERROR;
				GCC_WARN_UNDECLARED_SELECTOR = YES;
				GCC_WARN_UNINITIALIZED_AUTOS = YES_AGGRESSIVE;
				GCC_WARN_UNUSED_FUNCTION = YES;
				GCC_WARN_UNUSED_VARIABLE = YES;
				IPHONEOS_DEPLOYMENT_TARGET = 10.3;
				MTL_ENABLE_DEBUG_INFO = YES;
				ONLY_ACTIVE_ARCH = YES;
				SDKROOT = iphoneos;
				SWIFT_ACTIVE_COMPILATION_CONDITIONS = DEBUG;
				SWIFT_OPTIMIZATION_LEVEL = "-Onone";
				SWIFT_VERSION = 5.0;
				TARGETED_DEVICE_FAMILY = "1,2";
			};
			name = Debug;
		};
		93E6C4951EF4471B00CDC040 /* Release */ = {
			isa = XCBuildConfiguration;
			buildSettings = {
				ALWAYS_SEARCH_USER_PATHS = NO;
				CLANG_ANALYZER_NONNULL = YES;
				CLANG_ANALYZER_NUMBER_OBJECT_CONVERSION = YES_AGGRESSIVE;
				CLANG_CXX_LANGUAGE_STANDARD = "gnu++0x";
				CLANG_CXX_LIBRARY = "libc++";
				CLANG_ENABLE_MODULES = YES;
				CLANG_ENABLE_OBJC_ARC = YES;
				CLANG_WARN_BOOL_CONVERSION = YES;
				CLANG_WARN_CONSTANT_CONVERSION = YES;
				CLANG_WARN_DIRECT_OBJC_ISA_USAGE = YES_ERROR;
				CLANG_WARN_DOCUMENTATION_COMMENTS = YES;
				CLANG_WARN_EMPTY_BODY = YES;
				CLANG_WARN_ENUM_CONVERSION = YES;
				CLANG_WARN_INFINITE_RECURSION = YES;
				CLANG_WARN_INT_CONVERSION = YES;
				CLANG_WARN_OBJC_ROOT_CLASS = YES_ERROR;
				CLANG_WARN_SUSPICIOUS_MOVE = YES;
				CLANG_WARN_UNREACHABLE_CODE = YES;
				CLANG_WARN__DUPLICATE_METHOD_MATCH = YES;
				"CODE_SIGN_IDENTITY[sdk=iphoneos*]" = "iPhone Developer";
				COPY_PHASE_STRIP = NO;
				DEBUG_INFORMATION_FORMAT = "dwarf-with-dsym";
				ENABLE_NS_ASSERTIONS = NO;
				ENABLE_STRICT_OBJC_MSGSEND = YES;
				GCC_C_LANGUAGE_STANDARD = gnu99;
				GCC_NO_COMMON_BLOCKS = YES;
				GCC_WARN_64_TO_32_BIT_CONVERSION = YES;
				GCC_WARN_ABOUT_RETURN_TYPE = YES_ERROR;
				GCC_WARN_UNDECLARED_SELECTOR = YES;
				GCC_WARN_UNINITIALIZED_AUTOS = YES_AGGRESSIVE;
				GCC_WARN_UNUSED_FUNCTION = YES;
				GCC_WARN_UNUSED_VARIABLE = YES;
				IPHONEOS_DEPLOYMENT_TARGET = 10.3;
				MTL_ENABLE_DEBUG_INFO = NO;
				SDKROOT = iphoneos;
				SWIFT_OPTIMIZATION_LEVEL = "-Owholemodule";
				SWIFT_VERSION = 5.0;
				TARGETED_DEVICE_FAMILY = "1,2";
				VALIDATE_PRODUCT = YES;
			};
			name = Release;
		};
		93E6C4971EF4471B00CDC040 /* Debug */ = {
			isa = XCBuildConfiguration;
			baseConfigurationReference = 0D086821AE9B61261D65B6CE /* Pods-CirculateSwift.debug.xcconfig */;
			buildSettings = {
				ASSETCATALOG_COMPILER_APPICON_NAME = AppIcon;
				DEVELOPMENT_TEAM = NF2C9YRD83;
				INFOPLIST_FILE = CirculateSwift/Info.plist;
				LD_RUNPATH_SEARCH_PATHS = "$(inherited) @executable_path/Frameworks";
				PRODUCT_BUNDLE_IDENTIFIER = chadford.com.CirculateSwift;
				PRODUCT_NAME = "$(TARGET_NAME)";
				SWIFT_VERSION = 5.0;
			};
			name = Debug;
		};
		93E6C4981EF4471B00CDC040 /* Release */ = {
			isa = XCBuildConfiguration;
			baseConfigurationReference = 9A7A12E1455689F401E66EED /* Pods-CirculateSwift.release.xcconfig */;
			buildSettings = {
				ASSETCATALOG_COMPILER_APPICON_NAME = AppIcon;
				DEVELOPMENT_TEAM = NF2C9YRD83;
				INFOPLIST_FILE = CirculateSwift/Info.plist;
				LD_RUNPATH_SEARCH_PATHS = "$(inherited) @executable_path/Frameworks";
				PRODUCT_BUNDLE_IDENTIFIER = chadford.com.CirculateSwift;
				PRODUCT_NAME = "$(TARGET_NAME)";
				SWIFT_VERSION = 5.0;
			};
			name = Release;
		};
/* End XCBuildConfiguration section */

/* Begin XCConfigurationList section */
		93E6C47F1EF4471B00CDC040 /* Build configuration list for PBXProject "CirculateSwift" */ = {
			isa = XCConfigurationList;
			buildConfigurations = (
				93E6C4941EF4471B00CDC040 /* Debug */,
				93E6C4951EF4471B00CDC040 /* Release */,
			);
			defaultConfigurationIsVisible = 0;
			defaultConfigurationName = Release;
		};
		93E6C4961EF4471B00CDC040 /* Build configuration list for PBXNativeTarget "CirculateSwift" */ = {
			isa = XCConfigurationList;
			buildConfigurations = (
				93E6C4971EF4471B00CDC040 /* Debug */,
				93E6C4981EF4471B00CDC040 /* Release */,
			);
			defaultConfigurationIsVisible = 0;
			defaultConfigurationName = Release;
		};
/* End XCConfigurationList section */
	};
	rootObject = 93E6C47C1EF4471B00CDC040 /* Project object */;
}
